
Microsoft Visual Studio Solution File, Format Version 12.00
# Visual Studio Version 16
VisualStudioVersion = 16.0.29806.167
MinimumVisualStudioVersion = 10.0.40219.1
Project("{9A19103F-16F7-4668-BE54-9A1E7A4F7556}") = "Discord.Twitter.TtsBot", "Bot\Discord.Twitter.TtsBot.csproj", "{6DE56C2C-43E4-4CFE-9FFB-D3CB4A858EFC}"
EndProject
Project("{9A19103F-16F7-4668-BE54-9A1E7A4F7556}") = "WebAccess", "WebAccess\WebAccess.csproj", "{014920F3-F685-4ECA-825E-93A3A01AAD0C}"
EndProject
Project("{9A19103F-16F7-4668-BE54-9A1E7A4F7556}") = "Discord.Net.WebSocket", "..\Discord.Net\src\Discord.Net.WebSocket\Discord.Net.WebSocket.csproj", "{DF23B361-ADCB-48C9-B672-6387C31E7882}"
EndProject
Project("{9A19103F-16F7-4668-BE54-9A1E7A4F7556}") = "Discord.Net.Core", "..\Discord.Net\src\Discord.Net.Core\Discord.Net.Core.csproj", "{5C1FC9A5-2E9E-404A-9C1B-5FF880A9B242}"
EndProject
Project("{9A19103F-16F7-4668-BE54-9A1E7A4F7556}") = "Discord.Net.Rest", "..\Discord.Net\src\Discord.Net.Rest\Discord.Net.Rest.csproj", "{149FD133-6F61-46AD-B23D-E017BDB1CB7E}"
EndProject
Global
	GlobalSection(SolutionConfigurationPlatforms) = preSolution
		Debug|Any CPU = Debug|Any CPU
		Release|Any CPU = Release|Any CPU
	EndGlobalSection
	GlobalSection(ProjectConfigurationPlatforms) = postSolution
		{6DE56C2C-43E4-4CFE-9FFB-D3CB4A858EFC}.Debug|Any CPU.ActiveCfg = Debug|Any CPU
		{6DE56C2C-43E4-4CFE-9FFB-D3CB4A858EFC}.Debug|Any CPU.Build.0 = Debug|Any CPU
		{6DE56C2C-43E4-4CFE-9FFB-D3CB4A858EFC}.Release|Any CPU.ActiveCfg = Release|Any CPU
		{6DE56C2C-43E4-4CFE-9FFB-D3CB4A858EFC}.Release|Any CPU.Build.0 = Release|Any CPU
		{014920F3-F685-4ECA-825E-93A3A01AAD0C}.Debug|Any CPU.ActiveCfg = Debug|Any CPU
		{014920F3-F685-4ECA-825E-93A3A01AAD0C}.Debug|Any CPU.Build.0 = Debug|Any CPU
		{014920F3-F685-4ECA-825E-93A3A01AAD0C}.Release|Any CPU.ActiveCfg = Release|Any CPU
		{014920F3-F685-4ECA-825E-93A3A01AAD0C}.Release|Any CPU.Build.0 = Release|Any CPU
		{DF23B361-ADCB-48C9-B672-6387C31E7882}.Debug|Any CPU.ActiveCfg = Debug|Any CPU
		{DF23B361-ADCB-48C9-B672-6387C31E7882}.Debug|Any CPU.Build.0 = Debug|Any CPU
		{DF23B361-ADCB-48C9-B672-6387C31E7882}.Release|Any CPU.ActiveCfg = Release|Any CPU
		{DF23B361-ADCB-48C9-B672-6387C31E7882}.Release|Any CPU.Build.0 = Release|Any CPU
		{5C1FC9A5-2E9E-404A-9C1B-5FF880A9B242}.Debug|Any CPU.ActiveCfg = Debug|Any CPU
		{5C1FC9A5-2E9E-404A-9C1B-5FF880A9B242}.Debug|Any CPU.Build.0 = Debug|Any CPU
		{5C1FC9A5-2E9E-404A-9C1B-5FF880A9B242}.Release|Any CPU.ActiveCfg = Release|Any CPU
		{5C1FC9A5-2E9E-404A-9C1B-5FF880A9B242}.Release|Any CPU.Build.0 = Release|Any CPU
		{149FD133-6F61-46AD-B23D-E017BDB1CB7E}.Debug|Any CPU.ActiveCfg = Debug|Any CPU
		{149FD133-6F61-46AD-B23D-E017BDB1CB7E}.Debug|Any CPU.Build.0 = Debug|Any CPU
		{149FD133-6F61-46AD-B23D-E017BDB1CB7E}.Release|Any CPU.ActiveCfg = Release|Any CPU
		{149FD133-6F61-46AD-B23D-E017BDB1CB7E}.Release|Any CPU.Build.0 = Release|Any CPU
	EndGlobalSection
	GlobalSection(SolutionProperties) = preSolution
		HideSolutionNode = FALSE
	EndGlobalSection
	GlobalSection(ExtensibilityGlobals) = postSolution
		SolutionGuid = {57FE282D-627D-4DDE-8FDA-700DEFE1E41B}
	EndGlobalSection
EndGlobal
